// !$*UTF8*$!
{
	archiveVersion = 1;
	classes = {
	};
	objectVersion = 50;
	objects = {

/* Begin PBXBuildFile section */
		C02CD34520D24CE500BE1345 /* AppDelegate.swift in Sources */ = {isa = PBXBuildFile; fileRef = C02CD34420D24CE500BE1345 /* AppDelegate.swift */; };
		C02CD34720D24CE500BE1345 /* MasterViewController.swift in Sources */ = {isa = PBXBuildFile; fileRef = C02CD34620D24CE500BE1345 /* MasterViewController.swift */; };
		C02CD34920D24CE500BE1345 /* DetailViewController.swift in Sources */ = {isa = PBXBuildFile; fileRef = C02CD34820D24CE500BE1345 /* DetailViewController.swift */; };
		C02CD34C20D24CE500BE1345 /* Main.storyboard in Resources */ = {isa = PBXBuildFile; fileRef = C02CD34A20D24CE500BE1345 /* Main.storyboard */; };
		C02CD34E20D24CE600BE1345 /* Assets.xcassets in Resources */ = {isa = PBXBuildFile; fileRef = C02CD34D20D24CE600BE1345 /* Assets.xcassets */; };
		C02CD35120D24CE600BE1345 /* LaunchScreen.storyboard in Resources */ = {isa = PBXBuildFile; fileRef = C02CD34F20D24CE600BE1345 /* LaunchScreen.storyboard */; };
		C02ED1A520E4D9DA006CF217 /* CoreDataManager.swift in Sources */ = {isa = PBXBuildFile; fileRef = C02ED1A420E4D9DA006CF217 /* CoreDataManager.swift */; };
		C033AC4120E0EB0B002EA619 /* Common.swift in Sources */ = {isa = PBXBuildFile; fileRef = C033AC4020E0EB0B002EA619 /* Common.swift */; };
		C033C37B20E38DCF00907EE2 /* MyFindMyFriendApp.xcdatamodeld in Sources */ = {isa = PBXBuildFile; fileRef = C033C37920E38DCF00907EE2 /* MyFindMyFriendApp.xcdatamodeld */; };
		C0650EAA20DB3F9C008205C6 /* LoginTableViewController.swift in Sources */ = {isa = PBXBuildFile; fileRef = C0650EA920DB3F9C008205C6 /* LoginTableViewController.swift */; };
		C0650EAC20DB6CCC008205C6 /* LocationUploader.swift in Sources */ = {isa = PBXBuildFile; fileRef = C0650EAB20DB6CCC008205C6 /* LocationUploader.swift */; };
		C0B5991A20D9FB3A002B67AE /* LocationDownloader.swift in Sources */ = {isa = PBXBuildFile; fileRef = C0B5991920D9FB3A002B67AE /* LocationDownloader.swift */; };
/* End PBXBuildFile section */

/* Begin PBXFileReference section */
		C02CD34120D24CE500BE1345 /* MyFindMyFriendApp.app */ = {isa = PBXFileReference; explicitFileType = wrapper.application; includeInIndex = 0; path = MyFindMyFriendApp.app; sourceTree = BUILT_PRODUCTS_DIR; };
		C02CD34420D24CE500BE1345 /* AppDelegate.swift */ = {isa = PBXFileReference; lastKnownFileType = sourcecode.swift; path = AppDelegate.swift; sourceTree = "<group>"; };
		C02CD34620D24CE500BE1345 /* MasterViewController.swift */ = {isa = PBXFileReference; lastKnownFileType = sourcecode.swift; path = MasterViewController.swift; sourceTree = "<group>"; };
		C02CD34820D24CE500BE1345 /* DetailViewController.swift */ = {isa = PBXFileReference; lastKnownFileType = sourcecode.swift; path = DetailViewController.swift; sourceTree = "<group>"; };
		C02CD34B20D24CE500BE1345 /* Base */ = {isa = PBXFileReference; lastKnownFileType = file.storyboard; name = Base; path = Base.lproj/Main.storyboard; sourceTree = "<group>"; };
		C02CD34D20D24CE600BE1345 /* Assets.xcassets */ = {isa = PBXFileReference; lastKnownFileType = folder.assetcatalog; path = Assets.xcassets; sourceTree = "<group>"; };
		C02CD35020D24CE600BE1345 /* Base */ = {isa = PBXFileReference; lastKnownFileType = file.storyboard; name = Base; path = Base.lproj/LaunchScreen.storyboard; sourceTree = "<group>"; };
		C02CD35220D24CE600BE1345 /* Info.plist */ = {isa = PBXFileReference; lastKnownFileType = text.plist.xml; path = Info.plist; sourceTree = "<group>"; };
		C02ED1A420E4D9DA006CF217 /* CoreDataManager.swift */ = {isa = PBXFileReference; lastKnownFileType = sourcecode.swift; path = CoreDataManager.swift; sourceTree = "<group>"; };
		C033AC4020E0EB0B002EA619 /* Common.swift */ = {isa = PBXFileReference; lastKnownFileType = sourcecode.swift; path = Common.swift; sourceTree = "<group>"; };
		C033C37A20E38DCF00907EE2 /* MyFindMyFriendApp.xcdatamodel */ = {isa = PBXFileReference; lastKnownFileType = wrapper.xcdatamodel; path = MyFindMyFriendApp.xcdatamodel; sourceTree = "<group>"; };
		C0650EA920DB3F9C008205C6 /* LoginTableViewController.swift */ = {isa = PBXFileReference; lastKnownFileType = sourcecode.swift; path = LoginTableViewController.swift; sourceTree = "<group>"; };
		C0650EAB20DB6CCC008205C6 /* LocationUploader.swift */ = {isa = PBXFileReference; lastKnownFileType = sourcecode.swift; path = LocationUploader.swift; sourceTree = "<group>"; };
		C0B5991920D9FB3A002B67AE /* LocationDownloader.swift */ = {isa = PBXFileReference; fileEncoding = 4; lastKnownFileType = sourcecode.swift; path = LocationDownloader.swift; sourceTree = "<group>"; };
/* End PBXFileReference section */

/* Begin PBXFrameworksBuildPhase section */
		C02CD33E20D24CE500BE1345 /* Frameworks */ = {
			isa = PBXFrameworksBuildPhase;
			buildActionMask = 2147483647;
			files = (
			);
			runOnlyForDeploymentPostprocessing = 0;
		};
/* End PBXFrameworksBuildPhase section */

/* Begin PBXGroup section */
		C02CD33820D24CE500BE1345 = {
			isa = PBXGroup;
			children = (
				C02CD34320D24CE500BE1345 /* MyFindMyFriendApp */,
				C02CD34220D24CE500BE1345 /* Products */,
			);
			sourceTree = "<group>";
		};
		C02CD34220D24CE500BE1345 /* Products */ = {
			isa = PBXGroup;
			children = (
				C02CD34120D24CE500BE1345 /* MyFindMyFriendApp.app */,
			);
			name = Products;
			sourceTree = "<group>";
		};
		C02CD34320D24CE500BE1345 /* MyFindMyFriendApp */ = {
			isa = PBXGroup;
			children = (
				C02CD34420D24CE500BE1345 /* AppDelegate.swift */,
				C033C37920E38DCF00907EE2 /* MyFindMyFriendApp.xcdatamodeld */,
				C0650EA920DB3F9C008205C6 /* LoginTableViewController.swift */,
				C02ED1A420E4D9DA006CF217 /* CoreDataManager.swift */,
				C02CD34620D24CE500BE1345 /* MasterViewController.swift */,
				C02CD34820D24CE500BE1345 /* DetailViewController.swift */,
				C033AC4020E0EB0B002EA619 /* Common.swift */,
				C0B5991920D9FB3A002B67AE /* LocationDownloader.swift */,
				C0650EAB20DB6CCC008205C6 /* LocationUploader.swift */,
				C02CD34A20D24CE500BE1345 /* Main.storyboard */,
				C02CD34D20D24CE600BE1345 /* Assets.xcassets */,
				C02CD34F20D24CE600BE1345 /* LaunchScreen.storyboard */,
				C02CD35220D24CE600BE1345 /* Info.plist */,
			);
			path = MyFindMyFriendApp;
			sourceTree = "<group>";
		};
/* End PBXGroup section */

/* Begin PBXNativeTarget section */
		C02CD34020D24CE500BE1345 /* MyFindMyFriendApp */ = {
			isa = PBXNativeTarget;
			buildConfigurationList = C02CD35520D24CE600BE1345 /* Build configuration list for PBXNativeTarget "MyFindMyFriendApp" */;
			buildPhases = (
				C02CD33D20D24CE500BE1345 /* Sources */,
				C02CD33E20D24CE500BE1345 /* Frameworks */,
				C02CD33F20D24CE500BE1345 /* Resources */,
			);
			buildRules = (
			);
			dependencies = (
			);
			name = MyFindMyFriendApp;
			productName = MyFindMyFriendApp;
			productReference = C02CD34120D24CE500BE1345 /* MyFindMyFriendApp.app */;
			productType = "com.apple.product-type.application";
		};
/* End PBXNativeTarget section */

/* Begin PBXProject section */
		C02CD33920D24CE500BE1345 /* Project object */ = {
			isa = PBXProject;
			attributes = {
				LastSwiftUpdateCheck = 0930;
				LastUpgradeCheck = 0930;
				ORGANIZATIONNAME = "Ming-Ta Yang";
				TargetAttributes = {
					C02CD34020D24CE500BE1345 = {
						CreatedOnToolsVersion = 9.3.1;
						LastSwiftMigration = 0930;
						SystemCapabilities = {
							com.apple.BackgroundModes = {
								enabled = 1;
							};
						};
					};
				};
			};
			buildConfigurationList = C02CD33C20D24CE500BE1345 /* Build configuration list for PBXProject "MyFindMyFriendApp" */;
			compatibilityVersion = "Xcode 9.3";
			developmentRegion = en;
			hasScannedForEncodings = 0;
			knownRegions = (
				en,
				Base,
			);
			mainGroup = C02CD33820D24CE500BE1345;
			productRefGroup = C02CD34220D24CE500BE1345 /* Products */;
			projectDirPath = "";
			projectRoot = "";
			targets = (
				C02CD34020D24CE500BE1345 /* MyFindMyFriendApp */,
			);
		};
/* End PBXProject section */

/* Begin PBXResourcesBuildPhase section */
		C02CD33F20D24CE500BE1345 /* Resources */ = {
			isa = PBXResourcesBuildPhase;
			buildActionMask = 2147483647;
			files = (
				C02CD35120D24CE600BE1345 /* LaunchScreen.storyboard in Resources */,
				C02CD34E20D24CE600BE1345 /* Assets.xcassets in Resources */,
				C02CD34C20D24CE500BE1345 /* Main.storyboard in Resources */,
			);
			runOnlyForDeploymentPostprocessing = 0;
		};
/* End PBXResourcesBuildPhase section */

/* Begin PBXSourcesBuildPhase section */
		C02CD33D20D24CE500BE1345 /* Sources */ = {
			isa = PBXSourcesBuildPhase;
			buildActionMask = 2147483647;
			files = (
				C0650EAA20DB3F9C008205C6 /* LoginTableViewController.swift in Sources */,
				C02CD34920D24CE500BE1345 /* DetailViewController.swift in Sources */,
				C0650EAC20DB6CCC008205C6 /* LocationUploader.swift in Sources */,
				C02CD34720D24CE500BE1345 /* MasterViewController.swift in Sources */,
				C033C37B20E38DCF00907EE2 /* MyFindMyFriendApp.xcdatamodeld in Sources */,
				C02CD34520D24CE500BE1345 /* AppDelegate.swift in Sources */,
				C02ED1A520E4D9DA006CF217 /* CoreDataManager.swift in Sources */,
				C0B5991A20D9FB3A002B67AE /* LocationDownloader.swift in Sources */,
				C033AC4120E0EB0B002EA619 /* Common.swift in Sources */,
			);
			runOnlyForDeploymentPostprocessing = 0;
		};
/* End PBXSourcesBuildPhase section */

/* Begin PBXVariantGroup section */
		C02CD34A20D24CE500BE1345 /* Main.storyboard */ = {
			isa = PBXVariantGroup;
			children = (
				C02CD34B20D24CE500BE1345 /* Base */,
			);
			name = Main.storyboard;
			sourceTree = "<group>";
		};
		C02CD34F20D24CE600BE1345 /* LaunchScreen.storyboard */ = {
			isa = PBXVariantGroup;
			children = (
				C02CD35020D24CE600BE1345 /* Base */,
			);
			name = LaunchScreen.storyboard;
			sourceTree = "<group>";
		};
/* End PBXVariantGroup section */

/* Begin XCBuildConfiguration section */
		C02CD35320D24CE600BE1345 /* Debug */ = {
			isa = XCBuildConfiguration;
			buildSettings = {
				ALWAYS_SEARCH_USER_PATHS = NO;
				CLANG_ANALYZER_NONNULL = YES;
				CLANG_ANALYZER_NUMBER_OBJECT_CONVERSION = YES_AGGRESSIVE;
				CLANG_CXX_LANGUAGE_STANDARD = "gnu++14";
				CLANG_CXX_LIBRARY = "libc++";
				CLANG_ENABLE_MODULES = YES;
				CLANG_ENABLE_OBJC_ARC = YES;
				CLANG_ENABLE_OBJC_WEAK = YES;
				CLANG_WARN_BLOCK_CAPTURE_AUTORELEASING = YES;
				CLANG_WARN_BOOL_CONVERSION = YES;
				CLANG_WARN_COMMA = YES;
				CLANG_WARN_CONSTANT_CONVERSION = YES;
				CLANG_WARN_DEPRECATED_OBJC_IMPLEMENTATIONS = YES;
				CLANG_WARN_DIRECT_OBJC_ISA_USAGE = YES_ERROR;
				CLANG_WARN_DOCUMENTATION_COMMENTS = YES;
				CLANG_WARN_EMPTY_BODY = YES;
				CLANG_WARN_ENUM_CONVERSION = YES;
				CLANG_WARN_INFINITE_RECURSION = YES;
				CLANG_WARN_INT_CONVERSION = YES;
				CLANG_WARN_NON_LITERAL_NULL_CONVERSION = YES;
				CLANG_WARN_OBJC_IMPLICIT_RETAIN_SELF = YES;
				CLANG_WARN_OBJC_LITERAL_CONVERSION = YES;
				CLANG_WARN_OBJC_ROOT_CLASS = YES_ERROR;
				CLANG_WARN_RANGE_LOOP_ANALYSIS = YES;
				CLANG_WARN_STRICT_PROTOTYPES = YES;
				CLANG_WARN_SUSPICIOUS_MOVE = YES;
				CLANG_WARN_UNGUARDED_AVAILABILITY = YES_AGGRESSIVE;
				CLANG_WARN_UNREACHABLE_CODE = YES;
				CLANG_WARN__DUPLICATE_METHOD_MATCH = YES;
				CODE_SIGN_IDENTITY = "iPhone Developer";
				COPY_PHASE_STRIP = NO;
				DEBUG_INFORMATION_FORMAT = dwarf;
				ENABLE_STRICT_OBJC_MSGSEND = YES;
				ENABLE_TESTABILITY = YES;
				GCC_C_LANGUAGE_STANDARD = gnu11;
				GCC_DYNAMIC_NO_PIC = NO;
				GCC_NO_COMMON_BLOCKS = YES;
				GCC_OPTIMIZATION_LEVEL = 0;
				GCC_PREPROCESSOR_DEFINITIONS = (
					"DEBUG=1",
					"$(inherited)",
				);
				GCC_WARN_64_TO_32_BIT_CONVERSION = YES;
				GCC_WARN_ABOUT_RETURN_TYPE = YES_ERROR;
				GCC_WARN_UNDECLARED_SELECTOR = YES;
				GCC_WARN_UNINITIALIZED_AUTOS = YES_AGGRESSIVE;
				GCC_WARN_UNUSED_FUNCTION = YES;
				GCC_WARN_UNUSED_VARIABLE = YES;
				IPHONEOS_DEPLOYMENT_TARGET = 11.3;
				MTL_ENABLE_DEBUG_INFO = YES;
				ONLY_ACTIVE_ARCH = YES;
				SDKROOT = iphoneos;
				SWIFT_ACTIVE_COMPILATION_CONDITIONS = DEBUG;
				SWIFT_OPTIMIZATION_LEVEL = "-Onone";
			};
			name = Debug;
		};
		C02CD35420D24CE600BE1345 /* Release */ = {
			isa = XCBuildConfiguration;
			buildSettings = {
				ALWAYS_SEARCH_USER_PATHS = NO;
				CLANG_ANALYZER_NONNULL = YES;
				CLANG_ANALYZER_NUMBER_OBJECT_CONVERSION = YES_AGGRESSIVE;
				CLANG_CXX_LANGUAGE_STANDARD = "gnu++14";
				CLANG_CXX_LIBRARY = "libc++";
				CLANG_ENABLE_MODULES = YES;
				CLANG_ENABLE_OBJC_ARC = YES;
				CLANG_ENABLE_OBJC_WEAK = YES;
				CLANG_WARN_BLOCK_CAPTURE_AUTORELEASING = YES;
				CLANG_WARN_BOOL_CONVERSION = YES;
				CLANG_WARN_COMMA = YES;
				CLANG_WARN_CONSTANT_CONVERSION = YES;
				CLANG_WARN_DEPRECATED_OBJC_IMPLEMENTATIONS = YES;
				CLANG_WARN_DIRECT_OBJC_ISA_USAGE = YES_ERROR;
				CLANG_WARN_DOCUMENTATION_COMMENTS = YES;
				CLANG_WARN_EMPTY_BODY = YES;
				CLANG_WARN_ENUM_CONVERSION = YES;
				CLANG_WARN_INFINITE_RECURSION = YES;
				CLANG_WARN_INT_CONVERSION = YES;
				CLANG_WARN_NON_LITERAL_NULL_CONVERSION = YES;
				CLANG_WARN_OBJC_IMPLICIT_RETAIN_SELF = YES;
				CLANG_WARN_OBJC_LITERAL_CONVERSION = YES;
				CLANG_WARN_OBJC_ROOT_CLASS = YES_ERROR;
				CLANG_WARN_RANGE_LOOP_ANALYSIS = YES;
				CLANG_WARN_STRICT_PROTOTYPES = YES;
				CLANG_WARN_SUSPICIOUS_MOVE = YES;
				CLANG_WARN_UNGUARDED_AVAILABILITY = YES_AGGRESSIVE;
				CLANG_WARN_UNREACHABLE_CODE = YES;
				CLANG_WARN__DUPLICATE_METHOD_MATCH = YES;
				CODE_SIGN_IDENTITY = "iPhone Developer";
				COPY_PHASE_STRIP = NO;
				DEBUG_INFORMATION_FORMAT = "dwarf-with-dsym";
				ENABLE_NS_ASSERTIONS = NO;
				ENABLE_STRICT_OBJC_MSGSEND = YES;
				GCC_C_LANGUAGE_STANDARD = gnu11;
				GCC_NO_COMMON_BLOCKS = YES;
				GCC_WARN_64_TO_32_BIT_CONVERSION = YES;
				GCC_WARN_ABOUT_RETURN_TYPE = YES_ERROR;
				GCC_WARN_UNDECLARED_SELECTOR = YES;
				GCC_WARN_UNINITIALIZED_AUTOS = YES_AGGRESSIVE;
				GCC_WARN_UNUSED_FUNCTION = YES;
				GCC_WARN_UNUSED_VARIABLE = YES;
				IPHONEOS_DEPLOYMENT_TARGET = 11.3;
				MTL_ENABLE_DEBUG_INFO = NO;
				SDKROOT = iphoneos;
				SWIFT_COMPILATION_MODE = wholemodule;
				SWIFT_OPTIMIZATION_LEVEL = "-O";
				VALIDATE_PRODUCT = YES;
			};
			name = Release;
		};
		C02CD35620D24CE600BE1345 /* Debug */ = {
			isa = XCBuildConfiguration;
			buildSettings = {
				ASSETCATALOG_COMPILER_APPICON_NAME = AppIcon;
				CLANG_ENABLE_MODULES = YES;
				CODE_SIGN_STYLE = Automatic;
				DEVELOPMENT_TEAM = WN2BCRJWNR;
				INFOPLIST_FILE = MyFindMyFriendApp/Info.plist;
				IPHONEOS_DEPLOYMENT_TARGET = 10.0;
				LD_RUNPATH_SEARCH_PATHS = (
					"$(inherited)",
					"@executable_path/Frameworks",
				);
				PRODUCT_BUNDLE_IDENTIFIER = com.mingtayang.MyFindMyFriendApp;
				PRODUCT_NAME = "$(TARGET_NAME)";
				SWIFT_OBJC_BRIDGING_HEADER = "";
				SWIFT_OPTIMIZATION_LEVEL = "-Onone";
				SWIFT_VERSION = 4.0;
				TARGETED_DEVICE_FAMILY = "1,2";
			};
			name = Debug;
		};
		C02CD35720D24CE600BE1345 /* Release */ = {
			isa = XCBuildConfiguration;
			buildSettings = {
				ASSETCATALOG_COMPILER_APPICON_NAME = AppIcon;
				CLANG_ENABLE_MODULES = YES;
				CODE_SIGN_STYLE = Automatic;
				DEVELOPMENT_TEAM = WN2BCRJWNR;
				INFOPLIST_FILE = MyFindMyFriendApp/Info.plist;
				IPHONEOS_DEPLOYMENT_TARGET = 10.0;
				LD_RUNPATH_SEARCH_PATHS = (
					"$(inherited)",
					"@executable_path/Frameworks",
				);
				PRODUCT_BUNDLE_IDENTIFIER = com.mingtayang.MyFindMyFriendApp;
				PRODUCT_NAME = "$(TARGET_NAME)";
				SWIFT_OBJC_BRIDGING_HEADER = "";
				SWIFT_VERSION = 4.0;
				TARGETED_DEVICE_FAMILY = "1,2";
			};
			name = Release;
		};
/* End XCBuildConfiguration section */

/* Begin XCConfigurationList section */
		C02CD33C20D24CE500BE1345 /* Build configuration list for PBXProject "MyFindMyFriendApp" */ = {
			isa = XCConfigurationList;
			buildConfigurations = (
				C02CD35320D24CE600BE1345 /* Debug */,
				C02CD35420D24CE600BE1345 /* Release */,
			);
			defaultConfigurationIsVisible = 0;
			defaultConfigurationName = Release;
		};
		C02CD35520D24CE600BE1345 /* Build configuration list for PBXNativeTarget "MyFindMyFriendApp" */ = {
			isa = XCConfigurationList;
			buildConfigurations = (
				C02CD35620D24CE600BE1345 /* Debug */,
				C02CD35720D24CE600BE1345 /* Release */,
			);
			defaultConfigurationIsVisible = 0;
			defaultConfigurationName = Release;
		};
/* End XCConfigurationList section */

/* Begin XCVersionGroup section */
		C033C37920E38DCF00907EE2 /* MyFindMyFriendApp.xcdatamodeld */ = {
			isa = XCVersionGroup;
			children = (
				C033C37A20E38DCF00907EE2 /* MyFindMyFriendApp.xcdatamodel */,
			);
			currentVersion = C033C37A20E38DCF00907EE2 /* MyFindMyFriendApp.xcdatamodel */;
			path = MyFindMyFriendApp.xcdatamodeld;
			sourceTree = "<group>";
			versionGroupType = wrapper.xcdatamodel;
		};
/* End XCVersionGroup section */
	};
	rootObject = C02CD33920D24CE500BE1345 /* Project object */;
}
